
Microsoft Visual Studio Solution File, Format Version 12.00
Project("{F2A71F9B-5D33-465A-A702-920D77279786}") = "aoc2024-fsharp", "aoc2024-fsharp.fsproj", "{2FF84272-F137-4F70-9327-B6790BE40344}"
EndProject
Global
	GlobalSection(SolutionConfigurationPlatforms) = preSolution
		Debug|Any CPU = Debug|Any CPU
		Release|Any CPU = Release|Any CPU
	EndGlobalSection
	GlobalSection(ProjectConfigurationPlatforms) = postSolution
		{2FF84272-F137-4F70-9327-B6790BE40344}.Debug|Any CPU.ActiveCfg = Debug|Any CPU
		{2FF84272-F137-4F70-9327-B6790BE40344}.Debug|Any CPU.Build.0 = Debug|Any CPU
		{2FF84272-F137-4F70-9327-B6790BE40344}.Release|Any CPU.ActiveCfg = Release|Any CPU
		{2FF84272-F137-4F70-9327-B6790BE40344}.Release|Any CPU.Build.0 = Release|Any CPU
	EndGlobalSection
EndGlobal
